
Microsoft Visual Studio Solution File, Format Version 12.00
# Visual Studio Version 17
VisualStudioVersion = 17.0.32112.339
MinimumVisualStudioVersion = 10.0.40219.1
Project("{FAE04EC0-301F-11D3-BF4B-00C04F79EFBC}") = "NuclearReactor", "NuclearReactor\NuclearReactor.csproj", "{17EC91D9-2D29-4B43-9450-587BC57F4E6D}"
EndProject
Global
	GlobalSection(SolutionConfigurationPlatforms) = preSolution
		Debug|Any CPU = Debug|Any CPU
		Release|Any CPU = Release|Any CPU
	EndGlobalSection
	GlobalSection(ProjectConfigurationPlatforms) = postSolution
		{17EC91D9-2D29-4B43-9450-587BC57F4E6D}.Debug|Any CPU.ActiveCfg = Debug|Any CPU
		{17EC91D9-2D29-4B43-9450-587BC57F4E6D}.Debug|Any CPU.Build.0 = Debug|Any CPU
		{17EC91D9-2D29-4B43-9450-587BC57F4E6D}.Release|Any CPU.ActiveCfg = Release|Any CPU
		{17EC91D9-2D29-4B43-9450-587BC57F4E6D}.Release|Any CPU.Build.0 = Release|Any CPU
	EndGlobalSection
	GlobalSection(SolutionProperties) = preSolution
		HideSolutionNode = FALSE
	EndGlobalSection
	GlobalSection(ExtensibilityGlobals) = postSolution
		SolutionGuid = {AC36EFDA-8547-4255-8E00-527D79DE2C67}
	EndGlobalSection
EndGlobal
